{
  "name": "music-machine",
  "lockfileVersion": 3,
  "requires": true,
  "packages": {
    "": {
      "dependencies": {
        "piano-chart": "^1.5.0",
        "scribbletune": "^5.1.0",
        "smplr": "^0.16.4"
      }
    },
    "node_modules/@svgdotjs/svg.js": {
      "version": "3.2.5",
      "resolved": "https://registry.npmjs.org/@svgdotjs/svg.js/-/svg.js-3.2.5.tgz",
      "integrity": "sha512-/VNHWYhNu+BS7ktbYoVGrCmsXDh+chFMaONMwGNdIBcFHrWqk2jY8fNyr3DLdtQUIalvkPfM554ZSFa3dm3nxQ==",
      "license": "MIT",
      "funding": {
        "type": "github",
        "url": "https://github.com/sponsors/Fuzzyma"
      }
    },
    "node_modules/harmonics": {
      "version": "1.1.0",
      "resolved": "https://registry.npmjs.org/harmonics/-/harmonics-1.1.0.tgz",
      "integrity": "sha512-LHSh7D6gn75NxvGog5qkdvBRweQVVNcncQhRgO/MW6pg749qZ78Q5EJV9xjr9Emqm/gIDQRdQIMo1xsrwruSQQ==",
      "license": "MIT"
    },
    "node_modules/jsmidgen": {
      "version": "0.1.8",
      "resolved": "https://registry.npmjs.org/jsmidgen/-/jsmidgen-0.1.8.tgz",
      "integrity": "sha512-ftv8u96bnZvgsJE1/z0kV2BJrYNUofgZKztvpGxPpkocwB3+Yo/w2eHtwiTyb+U4cLTeaI9GUX4mAS6XWEl7IA==",
      "license": "MIT"
    },
    "node_modules/piano-chart": {
      "version": "1.5.0",
      "resolved": "https://registry.npmjs.org/piano-chart/-/piano-chart-1.5.0.tgz",
      "integrity": "sha512-w/z/8spXPzH50v/FcmG5eMWp6EZ/5mBLinM2mgRxHzUhPkBcKEJHnmOZdJpT8sBQJ4XfVdMo4qXdSUJV7tIvuw==",
      "license": "MIT",
      "dependencies": {
        "@svgdotjs/svg.js": "^3.0.16"
      }
    },
    "node_modules/scribbletune": {
      "version": "5.1.0",
      "resolved": "https://registry.npmjs.org/scribbletune/-/scribbletune-5.1.0.tgz",
      "integrity": "sha512-Dj7ou+3myCYqCONWnw+V3rT+ib/bQpa8b9er6Z2LmAy6gHDWKZT3BAq1azU8hf0CC8F8z6Kdo1Ruuufl/LOA0w==",
      "license": "MIT",
      "dependencies": {
        "harmonics": "^1.0.8",
        "jsmidgen": "~0.1.5"
      },
      "engines": {
        "node": ">16.x.x"
      }
    },
    "node_modules/smplr": {
      "version": "0.16.4",
      "resolved": "https://registry.npmjs.org/smplr/-/smplr-0.16.4.tgz",
      "integrity": "sha512-huIW2uSAuHTqjqCf2sqg3q03q/y1D1fhj2fR5jkP/u3cakbB5bMTk1z7SCdN45G5DRakrWwtUPcovsfMpeNr1w==",
      "license": "MIT",
      "engines": {
        "node": ">=14.0.0"
      }
    }
  }
}
