{
  "name": "music-machine",
  "lockfileVersion": 3,
  "requires": true,
  "packages": {
    "": {
      "dependencies": {
        "piano-chart": "^1.5.0"
      }
    },
    "node_modules/@svgdotjs/svg.js": {
      "version": "3.2.5",
      "resolved": "https://registry.npmjs.org/@svgdotjs/svg.js/-/svg.js-3.2.5.tgz",
      "integrity": "sha512-/VNHWYhNu+BS7ktbYoVGrCmsXDh+chFMaONMwGNdIBcFHrWqk2jY8fNyr3DLdtQUIalvkPfM554ZSFa3dm3nxQ==",
      "license": "MIT",
      "funding": {
        "type": "github",
        "url": "https://github.com/sponsors/Fuzzyma"
      }
    },
    "node_modules/piano-chart": {
      "version": "1.5.0",
      "resolved": "https://registry.npmjs.org/piano-chart/-/piano-chart-1.5.0.tgz",
      "integrity": "sha512-w/z/8spXPzH50v/FcmG5eMWp6EZ/5mBLinM2mgRxHzUhPkBcKEJHnmOZdJpT8sBQJ4XfVdMo4qXdSUJV7tIvuw==",
      "license": "MIT",
      "dependencies": {
        "@svgdotjs/svg.js": "^3.0.16"
      }
    }
  }
}
